
Microsoft Visual Studio Solution File, Format Version 12.00
# Visual Studio Version 16
VisualStudioVersion = 16.0.29613.14
MinimumVisualStudioVersion = 10.0.40219.1
Project("{FAE04EC0-301F-11D3-BF4B-00C04F79EFBC}") = "Project_sem_3", "Project_sem_3\Project_sem_3.csproj", "{2B382E30-EA0F-47E0-A205-A3CD9342DEA2}"
EndProject
Global
	GlobalSection(SolutionConfigurationPlatforms) = preSolution
		Debug|Any CPU = Debug|Any CPU
		Release|Any CPU = Release|Any CPU
	EndGlobalSection
	GlobalSection(ProjectConfigurationPlatforms) = postSolution
		{2B382E30-EA0F-47E0-A205-A3CD9342DEA2}.Debug|Any CPU.ActiveCfg = Debug|Any CPU
		{2B382E30-EA0F-47E0-A205-A3CD9342DEA2}.Debug|Any CPU.Build.0 = Debug|Any CPU
		{2B382E30-EA0F-47E0-A205-A3CD9342DEA2}.Release|Any CPU.ActiveCfg = Release|Any CPU
		{2B382E30-EA0F-47E0-A205-A3CD9342DEA2}.Release|Any CPU.Build.0 = Release|Any CPU
	EndGlobalSection
	GlobalSection(SolutionProperties) = preSolution
		HideSolutionNode = FALSE
	EndGlobalSection
	GlobalSection(ExtensibilityGlobals) = postSolution
		SolutionGuid = {2097F623-70F6-4E71-8B31-C22C8DF1FF30}
	EndGlobalSection
EndGlobal
